
Microsoft Visual Studio Solution File, Format Version 12.00
# Visual Studio Version 16
VisualStudioVersion = 16.0.29728.190
MinimumVisualStudioVersion = 10.0.40219.1
Project("{9A19103F-16F7-4668-BE54-9A1E7A4F7556}") = "Keryhe.Persistence", "Keryhe.Persistence\Keryhe.Persistence.csproj", "{20F5D487-E1A6-46CA-9FD7-091ED723226E}"
EndProject
Project("{FAE04EC0-301F-11D3-BF4B-00C04F79EFBC}") = "Keryhe.Persistence.Tests", "Keryhe.Persistence.Tests\Keryhe.Persistence.Tests.csproj", "{96E746C2-3960-4C89-8E5B-5A7389177913}"
EndProject
Global
	GlobalSection(SolutionConfigurationPlatforms) = preSolution
		Debug|Any CPU = Debug|Any CPU
		Release|Any CPU = Release|Any CPU
	EndGlobalSection
	GlobalSection(ProjectConfigurationPlatforms) = postSolution
		{20F5D487-E1A6-46CA-9FD7-091ED723226E}.Debug|Any CPU.ActiveCfg = Debug|Any CPU
		{20F5D487-E1A6-46CA-9FD7-091ED723226E}.Debug|Any CPU.Build.0 = Debug|Any CPU
		{20F5D487-E1A6-46CA-9FD7-091ED723226E}.Release|Any CPU.ActiveCfg = Release|Any CPU
		{20F5D487-E1A6-46CA-9FD7-091ED723226E}.Release|Any CPU.Build.0 = Release|Any CPU
		{96E746C2-3960-4C89-8E5B-5A7389177913}.Debug|Any CPU.ActiveCfg = Debug|Any CPU
		{96E746C2-3960-4C89-8E5B-5A7389177913}.Debug|Any CPU.Build.0 = Debug|Any CPU
		{96E746C2-3960-4C89-8E5B-5A7389177913}.Release|Any CPU.ActiveCfg = Release|Any CPU
		{96E746C2-3960-4C89-8E5B-5A7389177913}.Release|Any CPU.Build.0 = Release|Any CPU
	EndGlobalSection
	GlobalSection(SolutionProperties) = preSolution
		HideSolutionNode = FALSE
	EndGlobalSection
	GlobalSection(ExtensibilityGlobals) = postSolution
		SolutionGuid = {67BC450C-9D53-4CE9-AF04-BC6AF962FA8A}
	EndGlobalSection
EndGlobal
